// !$*UTF8*$!
{
	archiveVersion = 1;
	classes = {
	};
	objectVersion = 51;
	objects = {

/* Begin PBXBuildFile section */
		0652F6C947290AEC06CBF3D4 /* Pods_eScooter_Tracker_MapKit.framework in Frameworks */ = {isa = PBXBuildFile; fileRef = C1EFA50A91D1AA19723B8B67 /* Pods_eScooter_Tracker_MapKit.framework */; };
		9855B979244E1D77005547B8 /* AboutViewController.swift in Sources */ = {isa = PBXBuildFile; fileRef = 9855B978244E1D77005547B8 /* AboutViewController.swift */; };
		9855B97B244E208D005547B8 /* AboutAuthorViewController.swift in Sources */ = {isa = PBXBuildFile; fileRef = 9855B97A244E208D005547B8 /* AboutAuthorViewController.swift */; };
		9855B97D244E2F7B005547B8 /* PopUpLabel.swift in Sources */ = {isa = PBXBuildFile; fileRef = 9855B97C244E2F7B005547B8 /* PopUpLabel.swift */; };
		9855B97F244E32A4005547B8 /* QRScanViewController.swift in Sources */ = {isa = PBXBuildFile; fileRef = 9855B97E244E32A4005547B8 /* QRScanViewController.swift */; };
		989A35192465AADA0077A3A1 /* unlockCodeViewController.swift in Sources */ = {isa = PBXBuildFile; fileRef = 989A35182465AADA0077A3A1 /* unlockCodeViewController.swift */; };
		98CAAE51244DEC3A00718BA6 /* AppDelegate.swift in Sources */ = {isa = PBXBuildFile; fileRef = 98CAAE50244DEC3A00718BA6 /* AppDelegate.swift */; };
		98CAAE53244DEC3A00718BA6 /* SceneDelegate.swift in Sources */ = {isa = PBXBuildFile; fileRef = 98CAAE52244DEC3A00718BA6 /* SceneDelegate.swift */; };
		98CAAE55244DEC3A00718BA6 /* ViewController.swift in Sources */ = {isa = PBXBuildFile; fileRef = 98CAAE54244DEC3A00718BA6 /* ViewController.swift */; };
		98CAAE58244DEC3A00718BA6 /* Main.storyboard in Resources */ = {isa = PBXBuildFile; fileRef = 98CAAE56244DEC3A00718BA6 /* Main.storyboard */; };
		98CAAE5A244DEC3A00718BA6 /* Assets.xcassets in Resources */ = {isa = PBXBuildFile; fileRef = 98CAAE59244DEC3A00718BA6 /* Assets.xcassets */; };
		98CAAE5D244DEC3A00718BA6 /* LaunchScreen.storyboard in Resources */ = {isa = PBXBuildFile; fileRef = 98CAAE5B244DEC3A00718BA6 /* LaunchScreen.storyboard */; };
/* End PBXBuildFile section */

/* Begin PBXFileReference section */
		1C1C85D5520255BD595B5E40 /* Pods-eScooter Tracker MapKit.debug.xcconfig */ = {isa = PBXFileReference; includeInIndex = 1; lastKnownFileType = text.xcconfig; name = "Pods-eScooter Tracker MapKit.debug.xcconfig"; path = "Target Support Files/Pods-eScooter Tracker MapKit/Pods-eScooter Tracker MapKit.debug.xcconfig"; sourceTree = "<group>"; };
		4447CE183F3869382DE982CF /* Pods-eScooter Tracker MapKit.release.xcconfig */ = {isa = PBXFileReference; includeInIndex = 1; lastKnownFileType = text.xcconfig; name = "Pods-eScooter Tracker MapKit.release.xcconfig"; path = "Target Support Files/Pods-eScooter Tracker MapKit/Pods-eScooter Tracker MapKit.release.xcconfig"; sourceTree = "<group>"; };
		9855B978244E1D77005547B8 /* AboutViewController.swift */ = {isa = PBXFileReference; lastKnownFileType = sourcecode.swift; path = AboutViewController.swift; sourceTree = "<group>"; };
		9855B97A244E208D005547B8 /* AboutAuthorViewController.swift */ = {isa = PBXFileReference; lastKnownFileType = sourcecode.swift; path = AboutAuthorViewController.swift; sourceTree = "<group>"; };
		9855B97C244E2F7B005547B8 /* PopUpLabel.swift */ = {isa = PBXFileReference; lastKnownFileType = sourcecode.swift; path = PopUpLabel.swift; sourceTree = "<group>"; };
		9855B97E244E32A4005547B8 /* QRScanViewController.swift */ = {isa = PBXFileReference; lastKnownFileType = sourcecode.swift; path = QRScanViewController.swift; sourceTree = "<group>"; };
		989A35182465AADA0077A3A1 /* unlockCodeViewController.swift */ = {isa = PBXFileReference; lastKnownFileType = sourcecode.swift; path = unlockCodeViewController.swift; sourceTree = "<group>"; };
		98CAAE4D244DEC3A00718BA6 /* eScooter Tracker MapKit.app */ = {isa = PBXFileReference; explicitFileType = wrapper.application; includeInIndex = 0; path = "eScooter Tracker MapKit.app"; sourceTree = BUILT_PRODUCTS_DIR; };
		98CAAE50244DEC3A00718BA6 /* AppDelegate.swift */ = {isa = PBXFileReference; lastKnownFileType = sourcecode.swift; path = AppDelegate.swift; sourceTree = "<group>"; };
		98CAAE52244DEC3A00718BA6 /* SceneDelegate.swift */ = {isa = PBXFileReference; lastKnownFileType = sourcecode.swift; path = SceneDelegate.swift; sourceTree = "<group>"; };
		98CAAE54244DEC3A00718BA6 /* ViewController.swift */ = {isa = PBXFileReference; lastKnownFileType = sourcecode.swift; path = ViewController.swift; sourceTree = "<group>"; };
		98CAAE57244DEC3A00718BA6 /* Base */ = {isa = PBXFileReference; lastKnownFileType = file.storyboard; name = Base; path = Base.lproj/Main.storyboard; sourceTree = "<group>"; };
		98CAAE59244DEC3A00718BA6 /* Assets.xcassets */ = {isa = PBXFileReference; lastKnownFileType = folder.assetcatalog; path = Assets.xcassets; sourceTree = "<group>"; };
		98CAAE5C244DEC3A00718BA6 /* Base */ = {isa = PBXFileReference; lastKnownFileType = file.storyboard; name = Base; path = Base.lproj/LaunchScreen.storyboard; sourceTree = "<group>"; };
		98CAAE5E244DEC3A00718BA6 /* Info.plist */ = {isa = PBXFileReference; lastKnownFileType = text.plist.xml; path = Info.plist; sourceTree = "<group>"; };
		C1EFA50A91D1AA19723B8B67 /* Pods_eScooter_Tracker_MapKit.framework */ = {isa = PBXFileReference; explicitFileType = wrapper.framework; includeInIndex = 0; path = Pods_eScooter_Tracker_MapKit.framework; sourceTree = BUILT_PRODUCTS_DIR; };
/* End PBXFileReference section */

/* Begin PBXFrameworksBuildPhase section */
		98CAAE4A244DEC3A00718BA6 /* Frameworks */ = {
			isa = PBXFrameworksBuildPhase;
			buildActionMask = 2147483647;
			files = (
				0652F6C947290AEC06CBF3D4 /* Pods_eScooter_Tracker_MapKit.framework in Frameworks */,
			);
			runOnlyForDeploymentPostprocessing = 0;
		};
/* End PBXFrameworksBuildPhase section */

/* Begin PBXGroup section */
		98CAAE44244DEC3A00718BA6 = {
			isa = PBXGroup;
			children = (
				98CAAE4F244DEC3A00718BA6 /* eScooter Tracker MapKit */,
				98CAAE4E244DEC3A00718BA6 /* Products */,
				C8C9E29FC208F797C94EDA11 /* Pods */,
				B86E18A076FB85E86245507E /* Frameworks */,
			);
			sourceTree = "<group>";
		};
		98CAAE4E244DEC3A00718BA6 /* Products */ = {
			isa = PBXGroup;
			children = (
				98CAAE4D244DEC3A00718BA6 /* eScooter Tracker MapKit.app */,
			);
			name = Products;
			sourceTree = "<group>";
		};
		98CAAE4F244DEC3A00718BA6 /* eScooter Tracker MapKit */ = {
			isa = PBXGroup;
			children = (
				989A35182465AADA0077A3A1 /* unlockCodeViewController.swift */,
				98CAAE50244DEC3A00718BA6 /* AppDelegate.swift */,
				98CAAE52244DEC3A00718BA6 /* SceneDelegate.swift */,
				98CAAE54244DEC3A00718BA6 /* ViewController.swift */,
				9855B97C244E2F7B005547B8 /* PopUpLabel.swift */,
				9855B978244E1D77005547B8 /* AboutViewController.swift */,
				98CAAE56244DEC3A00718BA6 /* Main.storyboard */,
				9855B97E244E32A4005547B8 /* QRScanViewController.swift */,
				9855B97A244E208D005547B8 /* AboutAuthorViewController.swift */,
				98CAAE59244DEC3A00718BA6 /* Assets.xcassets */,
				98CAAE5B244DEC3A00718BA6 /* LaunchScreen.storyboard */,
				98CAAE5E244DEC3A00718BA6 /* Info.plist */,
			);
			path = "eScooter Tracker MapKit";
			sourceTree = "<group>";
		};
		B86E18A076FB85E86245507E /* Frameworks */ = {
			isa = PBXGroup;
			children = (
				C1EFA50A91D1AA19723B8B67 /* Pods_eScooter_Tracker_MapKit.framework */,
			);
			name = Frameworks;
			sourceTree = "<group>";
		};
		C8C9E29FC208F797C94EDA11 /* Pods */ = {
			isa = PBXGroup;
			children = (
				1C1C85D5520255BD595B5E40 /* Pods-eScooter Tracker MapKit.debug.xcconfig */,
				4447CE183F3869382DE982CF /* Pods-eScooter Tracker MapKit.release.xcconfig */,
			);
			path = Pods;
			sourceTree = "<group>";
		};
/* End PBXGroup section */

/* Begin PBXNativeTarget section */
		98CAAE4C244DEC3A00718BA6 /* eScooter Tracker MapKit */ = {
			isa = PBXNativeTarget;
			buildConfigurationList = 98CAAE61244DEC3A00718BA6 /* Build configuration list for PBXNativeTarget "eScooter Tracker MapKit" */;
			buildPhases = (
				9A8958DDB5BA36AAF30A1211 /* [CP] Check Pods Manifest.lock */,
				98CAAE49244DEC3A00718BA6 /* Sources */,
				98CAAE4A244DEC3A00718BA6 /* Frameworks */,
				98CAAE4B244DEC3A00718BA6 /* Resources */,
				901434ED19AD74A79200CF3C /* [CP] Embed Pods Frameworks */,
			);
			buildRules = (
			);
			dependencies = (
			);
			name = "eScooter Tracker MapKit";
			productName = "eScooter Tracker MapKit";
			productReference = 98CAAE4D244DEC3A00718BA6 /* eScooter Tracker MapKit.app */;
			productType = "com.apple.product-type.application";
		};
/* End PBXNativeTarget section */

/* Begin PBXProject section */
		98CAAE45244DEC3A00718BA6 /* Project object */ = {
			isa = PBXProject;
			attributes = {
				LastSwiftUpdateCheck = 1140;
				LastUpgradeCheck = 1140;
				ORGANIZATIONNAME = "UiTM Kampus Samarahan Cawangan Sarawak";
				TargetAttributes = {
					98CAAE4C244DEC3A00718BA6 = {
						CreatedOnToolsVersion = 11.4.1;
					};
				};
			};
			buildConfigurationList = 98CAAE48244DEC3A00718BA6 /* Build configuration list for PBXProject "eScooter Tracker MapKit" */;
			compatibilityVersion = "Xcode 9.3";
			developmentRegion = en;
			hasScannedForEncodings = 0;
			knownRegions = (
				en,
				Base,
			);
			mainGroup = 98CAAE44244DEC3A00718BA6;
			productRefGroup = 98CAAE4E244DEC3A00718BA6 /* Products */;
			projectDirPath = "";
			projectRoot = "";
			targets = (
				98CAAE4C244DEC3A00718BA6 /* eScooter Tracker MapKit */,
			);
		};
/* End PBXProject section */

/* Begin PBXResourcesBuildPhase section */
		98CAAE4B244DEC3A00718BA6 /* Resources */ = {
			isa = PBXResourcesBuildPhase;
			buildActionMask = 2147483647;
			files = (
				98CAAE5D244DEC3A00718BA6 /* LaunchScreen.storyboard in Resources */,
				98CAAE5A244DEC3A00718BA6 /* Assets.xcassets in Resources */,
				98CAAE58244DEC3A00718BA6 /* Main.storyboard in Resources */,
			);
			runOnlyForDeploymentPostprocessing = 0;
		};
/* End PBXResourcesBuildPhase section */

/* Begin PBXShellScriptBuildPhase section */
		901434ED19AD74A79200CF3C /* [CP] Embed Pods Frameworks */ = {
			isa = PBXShellScriptBuildPhase;
			buildActionMask = 2147483647;
			files = (
			);
			inputFileListPaths = (
				"${PODS_ROOT}/Target Support Files/Pods-eScooter Tracker MapKit/Pods-eScooter Tracker MapKit-frameworks-${CONFIGURATION}-input-files.xcfilelist",
			);
			name = "[CP] Embed Pods Frameworks";
			outputFileListPaths = (
				"${PODS_ROOT}/Target Support Files/Pods-eScooter Tracker MapKit/Pods-eScooter Tracker MapKit-frameworks-${CONFIGURATION}-output-files.xcfilelist",
			);
			runOnlyForDeploymentPostprocessing = 0;
			shellPath = /bin/sh;
			shellScript = "\"${PODS_ROOT}/Target Support Files/Pods-eScooter Tracker MapKit/Pods-eScooter Tracker MapKit-frameworks.sh\"\n";
			showEnvVarsInLog = 0;
		};
		9A8958DDB5BA36AAF30A1211 /* [CP] Check Pods Manifest.lock */ = {
			isa = PBXShellScriptBuildPhase;
			buildActionMask = 2147483647;
			files = (
			);
			inputFileListPaths = (
			);
			inputPaths = (
				"${PODS_PODFILE_DIR_PATH}/Podfile.lock",
				"${PODS_ROOT}/Manifest.lock",
			);
			name = "[CP] Check Pods Manifest.lock";
			outputFileListPaths = (
			);
			outputPaths = (
				"$(DERIVED_FILE_DIR)/Pods-eScooter Tracker MapKit-checkManifestLockResult.txt",
			);
			runOnlyForDeploymentPostprocessing = 0;
			shellPath = /bin/sh;
			shellScript = "diff \"${PODS_PODFILE_DIR_PATH}/Podfile.lock\" \"${PODS_ROOT}/Manifest.lock\" > /dev/null\nif [ $? != 0 ] ; then\n    # print error to STDERR\n    echo \"error: The sandbox is not in sync with the Podfile.lock. Run 'pod install' or update your CocoaPods installation.\" >&2\n    exit 1\nfi\n# This output is used by Xcode 'outputs' to avoid re-running this script phase.\necho \"SUCCESS\" > \"${SCRIPT_OUTPUT_FILE_0}\"\n";
			showEnvVarsInLog = 0;
		};
/* End PBXShellScriptBuildPhase section */

/* Begin PBXSourcesBuildPhase section */
		98CAAE49244DEC3A00718BA6 /* Sources */ = {
			isa = PBXSourcesBuildPhase;
			buildActionMask = 2147483647;
			files = (
				98CAAE55244DEC3A00718BA6 /* ViewController.swift in Sources */,
				98CAAE51244DEC3A00718BA6 /* AppDelegate.swift in Sources */,
				9855B979244E1D77005547B8 /* AboutViewController.swift in Sources */,
				9855B97F244E32A4005547B8 /* QRScanViewController.swift in Sources */,
				98CAAE53244DEC3A00718BA6 /* SceneDelegate.swift in Sources */,
				9855B97B244E208D005547B8 /* AboutAuthorViewController.swift in Sources */,
				9855B97D244E2F7B005547B8 /* PopUpLabel.swift in Sources */,
				989A35192465AADA0077A3A1 /* unlockCodeViewController.swift in Sources */,
			);
			runOnlyForDeploymentPostprocessing = 0;
		};
/* End PBXSourcesBuildPhase section */

/* Begin PBXVariantGroup section */
		98CAAE56244DEC3A00718BA6 /* Main.storyboard */ = {
			isa = PBXVariantGroup;
			children = (
				98CAAE57244DEC3A00718BA6 /* Base */,
			);
			name = Main.storyboard;
			sourceTree = "<group>";
		};
		98CAAE5B244DEC3A00718BA6 /* LaunchScreen.storyboard */ = {
			isa = PBXVariantGroup;
			children = (
				98CAAE5C244DEC3A00718BA6 /* Base */,
			);
			name = LaunchScreen.storyboard;
			sourceTree = "<group>";
		};
/* End PBXVariantGroup section */

/* Begin XCBuildConfiguration section */
		98CAAE5F244DEC3A00718BA6 /* Debug */ = {
			isa = XCBuildConfiguration;
			buildSettings = {
				ALWAYS_SEARCH_USER_PATHS = NO;
				CLANG_ANALYZER_NONNULL = YES;
				CLANG_ANALYZER_NUMBER_OBJECT_CONVERSION = YES_AGGRESSIVE;
				CLANG_CXX_LANGUAGE_STANDARD = "gnu++14";
				CLANG_CXX_LIBRARY = "libc++";
				CLANG_ENABLE_MODULES = YES;
				CLANG_ENABLE_OBJC_ARC = YES;
				CLANG_ENABLE_OBJC_WEAK = YES;
				CLANG_WARN_BLOCK_CAPTURE_AUTORELEASING = YES;
				CLANG_WARN_BOOL_CONVERSION = YES;
				CLANG_WARN_COMMA = YES;
				CLANG_WARN_CONSTANT_CONVERSION = YES;
				CLANG_WARN_DEPRECATED_OBJC_IMPLEMENTATIONS = YES;
				CLANG_WARN_DIRECT_OBJC_ISA_USAGE = YES_ERROR;
				CLANG_WARN_DOCUMENTATION_COMMENTS = YES;
				CLANG_WARN_EMPTY_BODY = YES;
				CLANG_WARN_ENUM_CONVERSION = YES;
				CLANG_WARN_INFINITE_RECURSION = YES;
				CLANG_WARN_INT_CONVERSION = YES;
				CLANG_WARN_NON_LITERAL_NULL_CONVERSION = YES;
				CLANG_WARN_OBJC_IMPLICIT_RETAIN_SELF = YES;
				CLANG_WARN_OBJC_LITERAL_CONVERSION = YES;
				CLANG_WARN_OBJC_ROOT_CLASS = YES_ERROR;
				CLANG_WARN_RANGE_LOOP_ANALYSIS = YES;
				CLANG_WARN_STRICT_PROTOTYPES = YES;
				CLANG_WARN_SUSPICIOUS_MOVE = YES;
				CLANG_WARN_UNGUARDED_AVAILABILITY = YES_AGGRESSIVE;
				CLANG_WARN_UNREACHABLE_CODE = YES;
				CLANG_WARN__DUPLICATE_METHOD_MATCH = YES;
				COPY_PHASE_STRIP = NO;
				DEBUG_INFORMATION_FORMAT = dwarf;
				ENABLE_STRICT_OBJC_MSGSEND = YES;
				ENABLE_TESTABILITY = YES;
				GCC_C_LANGUAGE_STANDARD = gnu11;
				GCC_DYNAMIC_NO_PIC = NO;
				GCC_NO_COMMON_BLOCKS = YES;
				GCC_OPTIMIZATION_LEVEL = 0;
				GCC_PREPROCESSOR_DEFINITIONS = (
					"DEBUG=1",
					"$(inherited)",
				);
				GCC_WARN_64_TO_32_BIT_CONVERSION = YES;
				GCC_WARN_ABOUT_RETURN_TYPE = YES_ERROR;
				GCC_WARN_UNDECLARED_SELECTOR = YES;
				GCC_WARN_UNINITIALIZED_AUTOS = YES_AGGRESSIVE;
				GCC_WARN_UNUSED_FUNCTION = YES;
				GCC_WARN_UNUSED_VARIABLE = YES;
				IPHONEOS_DEPLOYMENT_TARGET = 13.4;
				MTL_ENABLE_DEBUG_INFO = INCLUDE_SOURCE;
				MTL_FAST_MATH = YES;
				ONLY_ACTIVE_ARCH = YES;
				SDKROOT = iphoneos;
				SWIFT_ACTIVE_COMPILATION_CONDITIONS = DEBUG;
				SWIFT_OPTIMIZATION_LEVEL = "-Onone";
			};
			name = Debug;
		};
		98CAAE60244DEC3A00718BA6 /* Release */ = {
			isa = XCBuildConfiguration;
			buildSettings = {
				ALWAYS_SEARCH_USER_PATHS = NO;
				CLANG_ANALYZER_NONNULL = YES;
				CLANG_ANALYZER_NUMBER_OBJECT_CONVERSION = YES_AGGRESSIVE;
				CLANG_CXX_LANGUAGE_STANDARD = "gnu++14";
				CLANG_CXX_LIBRARY = "libc++";
				CLANG_ENABLE_MODULES = YES;
				CLANG_ENABLE_OBJC_ARC = YES;
				CLANG_ENABLE_OBJC_WEAK = YES;
				CLANG_WARN_BLOCK_CAPTURE_AUTORELEASING = YES;
				CLANG_WARN_BOOL_CONVERSION = YES;
				CLANG_WARN_COMMA = YES;
				CLANG_WARN_CONSTANT_CONVERSION = YES;
				CLANG_WARN_DEPRECATED_OBJC_IMPLEMENTATIONS = YES;
				CLANG_WARN_DIRECT_OBJC_ISA_USAGE = YES_ERROR;
				CLANG_WARN_DOCUMENTATION_COMMENTS = YES;
				CLANG_WARN_EMPTY_BODY = YES;
				CLANG_WARN_ENUM_CONVERSION = YES;
				CLANG_WARN_INFINITE_RECURSION = YES;
				CLANG_WARN_INT_CONVERSION = YES;
				CLANG_WARN_NON_LITERAL_NULL_CONVERSION = YES;
				CLANG_WARN_OBJC_IMPLICIT_RETAIN_SELF = YES;
				CLANG_WARN_OBJC_LITERAL_CONVERSION = YES;
				CLANG_WARN_OBJC_ROOT_CLASS = YES_ERROR;
				CLANG_WARN_RANGE_LOOP_ANALYSIS = YES;
				CLANG_WARN_STRICT_PROTOTYPES = YES;
				CLANG_WARN_SUSPICIOUS_MOVE = YES;
				CLANG_WARN_UNGUARDED_AVAILABILITY = YES_AGGRESSIVE;
				CLANG_WARN_UNREACHABLE_CODE = YES;
				CLANG_WARN__DUPLICATE_METHOD_MATCH = YES;
				COPY_PHASE_STRIP = NO;
				DEBUG_INFORMATION_FORMAT = "dwarf-with-dsym";
				ENABLE_NS_ASSERTIONS = NO;
				ENABLE_STRICT_OBJC_MSGSEND = YES;
				GCC_C_LANGUAGE_STANDARD = gnu11;
				GCC_NO_COMMON_BLOCKS = YES;
				GCC_WARN_64_TO_32_BIT_CONVERSION = YES;
				GCC_WARN_ABOUT_RETURN_TYPE = YES_ERROR;
				GCC_WARN_UNDECLARED_SELECTOR = YES;
				GCC_WARN_UNINITIALIZED_AUTOS = YES_AGGRESSIVE;
				GCC_WARN_UNUSED_FUNCTION = YES;
				GCC_WARN_UNUSED_VARIABLE = YES;
				IPHONEOS_DEPLOYMENT_TARGET = 13.4;
				MTL_ENABLE_DEBUG_INFO = NO;
				MTL_FAST_MATH = YES;
				SDKROOT = iphoneos;
				SWIFT_COMPILATION_MODE = wholemodule;
				SWIFT_OPTIMIZATION_LEVEL = "-O";
				VALIDATE_PRODUCT = YES;
			};
			name = Release;
		};
		98CAAE62244DEC3A00718BA6 /* Debug */ = {
			isa = XCBuildConfiguration;
			baseConfigurationReference = 1C1C85D5520255BD595B5E40 /* Pods-eScooter Tracker MapKit.debug.xcconfig */;
			buildSettings = {
				ASSETCATALOG_COMPILER_APPICON_NAME = AppIcon;
				CODE_SIGN_STYLE = Automatic;
				DEVELOPMENT_TEAM = GRQK546865;
				INFOPLIST_FILE = "eScooter Tracker MapKit/Info.plist";
				LD_RUNPATH_SEARCH_PATHS = (
					"$(inherited)",
					"@executable_path/Frameworks",
				);
				PRODUCT_BUNDLE_IDENTIFIER = "com.clumsyzidz.eScooter-Tracker-MapKit";
				PRODUCT_NAME = "$(TARGET_NAME)";
				SWIFT_VERSION = 5.0;
				TARGETED_DEVICE_FAMILY = "1,2";
			};
			name = Debug;
		};
		98CAAE63244DEC3A00718BA6 /* Release */ = {
			isa = XCBuildConfiguration;
			baseConfigurationReference = 4447CE183F3869382DE982CF /* Pods-eScooter Tracker MapKit.release.xcconfig */;
			buildSettings = {
				ASSETCATALOG_COMPILER_APPICON_NAME = AppIcon;
				CODE_SIGN_STYLE = Automatic;
				DEVELOPMENT_TEAM = GRQK546865;
				INFOPLIST_FILE = "eScooter Tracker MapKit/Info.plist";
				LD_RUNPATH_SEARCH_PATHS = (
					"$(inherited)",
					"@executable_path/Frameworks",
				);
				PRODUCT_BUNDLE_IDENTIFIER = "com.clumsyzidz.eScooter-Tracker-MapKit";
				PRODUCT_NAME = "$(TARGET_NAME)";
				SWIFT_VERSION = 5.0;
				TARGETED_DEVICE_FAMILY = "1,2";
			};
			name = Release;
		};
/* End XCBuildConfiguration section */

/* Begin XCConfigurationList section */
		98CAAE48244DEC3A00718BA6 /* Build configuration list for PBXProject "eScooter Tracker MapKit" */ = {
			isa = XCConfigurationList;
			buildConfigurations = (
				98CAAE5F244DEC3A00718BA6 /* Debug */,
				98CAAE60244DEC3A00718BA6 /* Release */,
			);
			defaultConfigurationIsVisible = 0;
			defaultConfigurationName = Release;
		};
		98CAAE61244DEC3A00718BA6 /* Build configuration list for PBXNativeTarget "eScooter Tracker MapKit" */ = {
			isa = XCConfigurationList;
			buildConfigurations = (
				98CAAE62244DEC3A00718BA6 /* Debug */,
				98CAAE63244DEC3A00718BA6 /* Release */,
			);
			defaultConfigurationIsVisible = 0;
			defaultConfigurationName = Release;
		};
/* End XCConfigurationList section */
	};
	rootObject = 98CAAE45244DEC3A00718BA6 /* Project object */;
}
